
Microsoft Visual Studio Solution File, Format Version 12.00
# Visual Studio Version 17
VisualStudioVersion = 17.10.34916.146
MinimumVisualStudioVersion = 10.0.40219.1
Project("{FAE04EC0-301F-11D3-BF4B-00C04F79EFBC}") = "WebApplication1", "WebApplication1\WebApplication1.csproj", "{F5506F34-2544-425B-B8BB-046EF68E115F}"
EndProject
Global
	GlobalSection(SolutionConfigurationPlatforms) = preSolution
		Debug|Any CPU = Debug|Any CPU
		Release|Any CPU = Release|Any CPU
	EndGlobalSection
	GlobalSection(ProjectConfigurationPlatforms) = postSolution
		{F5506F34-2544-425B-B8BB-046EF68E115F}.Debug|Any CPU.ActiveCfg = Debug|Any CPU
		{F5506F34-2544-425B-B8BB-046EF68E115F}.Debug|Any CPU.Build.0 = Debug|Any CPU
		{F5506F34-2544-425B-B8BB-046EF68E115F}.Release|Any CPU.ActiveCfg = Release|Any CPU
		{F5506F34-2544-425B-B8BB-046EF68E115F}.Release|Any CPU.Build.0 = Release|Any CPU
	EndGlobalSection
	GlobalSection(SolutionProperties) = preSolution
		HideSolutionNode = FALSE
	EndGlobalSection
	GlobalSection(ExtensibilityGlobals) = postSolution
		SolutionGuid = {D1065B22-A8C4-4AD1-986E-69574978E68C}
	EndGlobalSection
EndGlobal
